
Microsoft Visual Studio Solution File, Format Version 12.00
# Visual Studio Version 17
VisualStudioVersion = 17.3.32929.385
MinimumVisualStudioVersion = 10.0.40219.1
Project("{9A19103F-16F7-4668-BE54-9A1E7A4F7556}") = "utl", "utl.csproj", "{2131BAE9-8AAF-42E4-BC81-BF8BC2DAEA63}"
EndProject
Project("{9A19103F-16F7-4668-BE54-9A1E7A4F7556}") = "utl-unit-tests", "test\utl-unit-tests.csproj", "{9EC12F4C-9230-4DA9-B3EE-2AB3EDC28D3B}"
EndProject
Global
	GlobalSection(SolutionConfigurationPlatforms) = preSolution
		Debug|Any CPU = Debug|Any CPU
		Release|Any CPU = Release|Any CPU
	EndGlobalSection
	GlobalSection(ProjectConfigurationPlatforms) = postSolution
		{2131BAE9-8AAF-42E4-BC81-BF8BC2DAEA63}.Debug|Any CPU.ActiveCfg = Debug|Any CPU
		{2131BAE9-8AAF-42E4-BC81-BF8BC2DAEA63}.Debug|Any CPU.Build.0 = Debug|Any CPU
		{2131BAE9-8AAF-42E4-BC81-BF8BC2DAEA63}.Release|Any CPU.ActiveCfg = Release|Any CPU
		{2131BAE9-8AAF-42E4-BC81-BF8BC2DAEA63}.Release|Any CPU.Build.0 = Release|Any CPU
		{9EC12F4C-9230-4DA9-B3EE-2AB3EDC28D3B}.Debug|Any CPU.ActiveCfg = Debug|Any CPU
		{9EC12F4C-9230-4DA9-B3EE-2AB3EDC28D3B}.Debug|Any CPU.Build.0 = Debug|Any CPU
		{9EC12F4C-9230-4DA9-B3EE-2AB3EDC28D3B}.Release|Any CPU.ActiveCfg = Release|Any CPU
		{9EC12F4C-9230-4DA9-B3EE-2AB3EDC28D3B}.Release|Any CPU.Build.0 = Release|Any CPU
	EndGlobalSection
	GlobalSection(SolutionProperties) = preSolution
		HideSolutionNode = FALSE
	EndGlobalSection
	GlobalSection(ExtensibilityGlobals) = postSolution
		SolutionGuid = {0D6824FF-6E2E-44DB-B274-ABBF44E25BB4}
	EndGlobalSection
EndGlobal
